
Microsoft Visual Studio Solution File, Format Version 12.00
# Visual Studio Version 17
VisualStudioVersion = 17.2.32630.192
MinimumVisualStudioVersion = 10.0.40219.1
Project("{FAE04EC0-301F-11D3-BF4B-00C04F79EFBC}") = "WpfApp4", "WpfApp4\WpfApp4.csproj", "{A30E9169-CABA-4AA6-8009-26F5B478D2CE}"
EndProject
Global
	GlobalSection(SolutionConfigurationPlatforms) = preSolution
		Debug|Any CPU = Debug|Any CPU
		Release|Any CPU = Release|Any CPU
	EndGlobalSection
	GlobalSection(ProjectConfigurationPlatforms) = postSolution
		{A30E9169-CABA-4AA6-8009-26F5B478D2CE}.Debug|Any CPU.ActiveCfg = Debug|Any CPU
		{A30E9169-CABA-4AA6-8009-26F5B478D2CE}.Debug|Any CPU.Build.0 = Debug|Any CPU
		{A30E9169-CABA-4AA6-8009-26F5B478D2CE}.Release|Any CPU.ActiveCfg = Release|Any CPU
		{A30E9169-CABA-4AA6-8009-26F5B478D2CE}.Release|Any CPU.Build.0 = Release|Any CPU
	EndGlobalSection
	GlobalSection(SolutionProperties) = preSolution
		HideSolutionNode = FALSE
	EndGlobalSection
	GlobalSection(ExtensibilityGlobals) = postSolution
		SolutionGuid = {C01F93DC-4008-4139-80DC-9E0D98489CFB}
	EndGlobalSection
EndGlobal
